{
  "name": "grammar-analysis",
  "version": "1.0.0",
  "lockfileVersion": 2,
  "requires": true,
  "packages": {
    "": {
      "version": "1.0.0",
      "license": "ISC",
      "dependencies": {
        "first-follow": "^4.0.6"
      }
    },
    "node_modules/first-follow": {
      "version": "4.0.6",
      "resolved": "https://registry.npmjs.org/first-follow/-/first-follow-4.0.6.tgz",
      "integrity": "sha512-ztLS+7dtEVGUnfTLK7cX9+jySZhnprVllc74PlDMas7eL0noJ1U9AnqAOyW9Y4PVCYCKCsggrkeKXGzAXjKMWg=="
    }
  },
  "dependencies": {
    "first-follow": {
      "version": "4.0.6",
      "resolved": "https://registry.npmjs.org/first-follow/-/first-follow-4.0.6.tgz",
      "integrity": "sha512-ztLS+7dtEVGUnfTLK7cX9+jySZhnprVllc74PlDMas7eL0noJ1U9AnqAOyW9Y4PVCYCKCsggrkeKXGzAXjKMWg=="
    }
  }
}
